gversion=2.11.2
force=No
updates=[v2.11.2]|*NEW* PAUSE Macro Function|*ADJUST* Re-channel Capella Spot B|*ADJUST* Re-channel for CABAL PH|*ADJUST* Dungeon ARH: Maga & Bigcrup Routine|[v2.11.1]|*NEW MACRO* Dungeon - Radiant Hall Aprocrypha (ARH)|*NEW* Save Config for Rechannel, ARH, Train, CI, CA & Baldus|*FIX* Additional support for Windows 7 & 8|*UI ONLY* Step Highlights on Steamer (Train) Macro|[v2.11.0]|*NEW* Client version checker|*ADJUST* Chaos Infinity (CI): Private C - Server Entrance|[v2.10.8]|*NEW MACRO* Chaos Infinity (CI) (Private)|[v2.10.5]|*NEW MACRO* Steamer Crazy (Train) Macro (Private & Official)GEND