gversion=2.30.2
forceUpdate=2.16.6|2.17.0|2.17.1|2.17.2|2.18.0|2.18.1|2.18.2|2.18.3|2.18.4|2.18.5|2.18.6|2.19.0|2.20.0|2.22.0|2.22.1|2.22.2|2.23.0|2.24.0|2.24.1|2.25.0|2.25.1|2.26.0|2.26.1|2.27.0|2.27.1|2.28.0|2.29.0|2.30.0
updates=[v2.30.2] - April 22, 2025|*ADJUST* ETERNAL Dungeon EOD: Move to Rooms|*NEW* Hot-Key to PAUSE/RESUME (F11)|*ADJUST* Alt Hyphen and Alt Equal Delay for Dual Mercenaries|[v2.30.1] - April 16, 2025|*NEW* PROMO VIP: LENTEN-2025 FREE 5 Days|*NEW* Basic: Auto Buffs, Collect Guild Treasure and Giftbox Special|*ADJUST* Auto-Extract: Do Not Close Equip|[v2.29.0] - April 1, 2025|*ADJUST* OFFICIAL: Exit Dungeon - Not Guild Main Character Option|[v2.28.0] - March 30, 2025|*ADJUST* CABAL Eternal: Dungeon ECA, ARH (PM for Settings)|*FIX* CABAL SEA: Dungeon Not Exiting|*NEW* More Dungeon Settings: No Mandarat Legacy Exit for EP38 and Up|*NEW* CABAL TH and BR Support|[v2.27.0] - March 21, 2025|*ADJUST* Support NEW SEA Ultimate Server|[v2.26.0] - March 10, 2025|*NEW* Ctrl+Alt+F10 to Disable Start Shortcut|[v2.25.0] - January 20, 2025|*NEW* Map Part 2 Dungeon on Private Server|*ADJUST* Steamer Crazy Train: Separate Steaky and Door Timer|*FIX* Re-channel: Official Servers|[v2.24.1] - January 5, 2025|*ADJUST* PRIVATE (EP.33): Exit Dungeon Walking Away After Run Sometimes|*ADJUST* Awakened Train: Cast Alt (-) After First Warp|[v2.24.0] - January 4, 2025|*ADJUST* CA: Zoom Out All Levels|*NEW* AHV: Wait for Wave|*UPDATE* EP33 and EP38 Adjustments|*UPDATE* Support Some Private Servers|[v2.22.1] - November 12, 2024|*UPDATE* EP38 More Resolutions on Dungeon|*UPDATE* EP38 No SP Roll Dice after Dungeon|[v2.22.0] - November 11, 2024|*UPDATE* EP38 Official Servers|[v2.20.0] - September 15, 2024|*NEW DUNGEON* Lake in Dusk (LID) Map Part on Official Servers|[v2.19.0] - August 12, 2024|*HOT FIX* Exclude Servers|[v2.18.5] - August 1, 2024|*ADJUST* Baldus for GILAS|[v2.18.3] - July 23, 2024|*NEW DUNGEON* Eternal Chaos Arena (ECA) on Private Servers|*NEW* Support for Private Server EP.31 and EP.33|*NEW* Steamer Crazy (Train) Macro - Final Boss Single Retarget|[v2.18.1] - July 8, 2024|*ADJUST* Tower of the Dead (EOD B1F) - Warping Portals|*ADJUST* Tower of the Dead (EOD B1F) - Remove Screamers B|*ADJUST* Awakened Hazardous Valley (AHV) - Not Entering|*ADJUST* Extract After Dungeron Run to 7 Rows|[v2.18.0] - June 7, 2024|*NEW DUNGEON* Tower of the Dead (EOD B1F)|*ADJUST* More Dungeon Settings - Extract After Run Delay|*NEW DUNGEON PREPARATION* Map Part (Lake in DUsk)|[v2.17.2] - May 13, 2024|*NEW DUNGEON PREPARATION* Tower of the Dead (EOD B1F)|*ADJUST* Use Force Gem Entry - Now in More Dungeon Settings|[v2.17.1] - May 11, 2024|*NEW* Re-channel Denev Map (Private Server)|*FIX* Re-channel load saved config|*ADJUST* Overall Timing|*NEW* EOD B1F Prepartion UI|[v2.17.0] - May 6, 2024|*NEW* ECA - BM Timing|*NEW* ECA - Dungeon Settings|*ADJUST* ECA - Dash to Center|*ADJUST* ARH - Destroy Divine Status First|[v2.16.6] - April 20, 2024|*ADJUST* Private Episode 31 - Dungeon Entrance|*ADJUST* Private Episode 31 - Receive Guild Treasure|[v2.16.5] - March 28, 2024|*NEW* Support for Private Episode 31|[v2.16.4] - March 17, 2024|*FIX* Chaos Infinity (CI) NOT Exiting dungeon properly|*ADJUST* Challenge dungeon delayed start|*ADJUST* Disable F10 shortcut key option|*ADJUST* Awakened Steamer Crazy (Train) - Avoid Platinum Buff Click (Official)|*NEW* Baldus Macro - Zoom Out option|[v2.16.0] - March 9, 2024|*FREE* Awakened Steamer Crazy (Train) - NOW FREE!|*NEW* F10 Start/Stop Hotkey Option|*NEW* Dungeon Settings - Extract After Run|*NEW* Dungeon Settings - BM + Full on Final Boss: Alt+8 to Alt+0|*ADJUST* Dungeon Settings - Buffs Before Start: Alt+3 to Alt+6 Only|*ADJUST* CHaos Arena Macro - Wait for Wave Dance: Alt+7|*ADJUST* AHV Macro - Adjust Move to Mossites|*FIX* BM Cancel Requip NOT Closing Window|[v2.15.1]|*NEW* Chaos Arena Macro (Private) - Dash to Portal Entrance (Private D)|*ADJUST* Window Client Rename - NO VIP Required|*ADJUST* Baldus Macro (Private) - Add More Dungeon Settings|*ADJUST* ARH (Official) - Add More Dungeon Settings|*ADJUST* Train Macro (Official) - Adjust Entrance Location|[v2.15.0]|*NEW DUNGEON* Awakened Hazardous Valley (AHV) (Official Servers)|*ADJUST* Retarget Delay to milliseconds (ms)|[v2.14.1]|*NEW DUNGEON* Awakened Steamer Crazy - Train (Private and Official)|*NEW SETTINGS* Manual input of Change Target Delay|*ADJUST UI* Pause and Resume|[v2.13.0]|*NEW* Chaos Arena - Setup Level Runs for CA 1,2,3,4,5,6 and 7|*NEW* Dungeon Common Settings|[v2.12.0]|*NEW DUNGEON* Dungeon - Eternal Chaos Arena (ECA) (Official Servers)|*ADJUST* Re-channel for CABAL PH (Mercury and Cygnus)|*NEW* Re-channel up to 25 channels for CABAL NA and EU|[v2.11.3]|*FIX* Rechannel for Resolution 1280x720|*ADJUST* Train Macro Steaky and Door|[v2.11.2]|*NEW* PAUSE Macro Function|*ADJUST* Re-channel Capella Spot B|*ADJUST* Re-channel for CABAL PH|*ADJUST* Dungeon ARH: Maga and Bigcrup Routine|[Older Versions]|*NEW DUNGEON* Dungeon - Radiant Hall Aprocrypha (ARH)|*NEW* Save Config for Rechannel, ARH, Train, CI, CA and Baldus|*FIX* Additional support for Windows 7 and 8|*UI ONLY* Step Highlights on Steamer (Train) Macro|*NEW* Client version checker|*ADJUST* Chaos Infinity (CI): Private C - Server Entrance|*NEW DUNGEON* Chaos Infinity (CI) (Private)|*NEW DUNGEON* Steamer Crazy (Train) Macro (Private and Official)GEND
