gversion=2.34.0
forceUpdate=2.33.0|2.34.1|X.XX.XXGEND
updates=[v2.34.1] - December 20, 2025|*NEW* Added manual setting of CABAL window name|*FIX* Adjusted dungeons for other private servers|[v2.34.0] - December 19, 2025|*PROMO* DECEMBER 2025 CHRISTMAS PROMO|*FIX* Dungeon: AHV - Fixed not moving to Lumberjack with Mercenary|*NEW* Dungeon: TRAIN - Added Loot Timer after Final Boss|*NEW* Dungeon: ARH - Added Loot Timer after Final Boss|*ADJUST* Dungeon: LID - Improved after mini boss Rik|*OTHER* Miscellaneous fixes|[v2.33.X] - November 2025|*NEW* Added Auto-Buy dungeon entry on some servers|*NEW* Changed setup of target window to drag to CABAL client|*FIX* Fixed incosistent Retarget Delay|[v2.XX.X] - Older Version History|Archived.GEND
links_normal_mac=https://youtu.be/JVUtSvKZqZs|https://youtu.be/ouQXHytcPz0GEND
links_normal_dun=https://youtu.be/-PXZzeuBdAEND
links_awkend_dun=https://youtu.be/4FhhIKsG1Q4|https://youtu.be/sRAMfVM_st0|https://youtu.be/N46F4DBZiYk|https://youtu.be/N46F4DBZiYkGEND