gversion=2.34.0
forceUpdate=X.XX.XX|X.XX.XXGEND
[v2.34.0] - December 20, 2025|*FIX* DUN-AHV: Fixed not moving to Lumberjack with Mercenary|*ADJUST* DUN-LID: Improved after mini boss Rik|*NEW* DUN-TRAIN: Added Loot Timer after Final Boss|*NEW* DUN-ARH: Added Loot Timer after Final Boss|[v2.33.X] - November 2025|*NEW* Added Auto-Buy dungeon entry on some servers|*NEW* Changed setup of target window to drag to CABAL client|*FIX* Fixed incosistent Retarget Delay|[v2.XX.X] - Older Version History|Archived.GEND
links_normal_mac=https://youtu.be/JVUtSvKZqZs|https://youtu.be/ouQXHytcPz0GEND
links_normal_dun=https://youtu.be/-PXZzeuBdAEND
links_awkend_dun=https://youtu.be/4FhhIKsG1Q4|https://youtu.be/sRAMfVM_st0|https://youtu.be/N46F4DBZiYk|https://youtu.be/N46F4DBZiYkGEND